
Microsoft Visual Studio Solution File, Format Version 12.00
# Visual Studio Version 16
VisualStudioVersion = 16.0.30907.101
MinimumVisualStudioVersion = 10.0.40219.1
Project("{FAE04EC0-301F-11D3-BF4B-00C04F79EFBC}") = "ExpresionesLambda_1", "ExpresionesLambda_1\ExpresionesLambda_1.csproj", "{2FD058E3-A017-4CF7-89D2-88F0D3A5713B}"
EndProject
Global
	GlobalSection(SolutionConfigurationPlatforms) = preSolution
		Debug|Any CPU = Debug|Any CPU
		Release|Any CPU = Release|Any CPU
	EndGlobalSection
	GlobalSection(ProjectConfigurationPlatforms) = postSolution
		{2FD058E3-A017-4CF7-89D2-88F0D3A5713B}.Debug|Any CPU.ActiveCfg = Debug|Any CPU
		{2FD058E3-A017-4CF7-89D2-88F0D3A5713B}.Debug|Any CPU.Build.0 = Debug|Any CPU
		{2FD058E3-A017-4CF7-89D2-88F0D3A5713B}.Release|Any CPU.ActiveCfg = Release|Any CPU
		{2FD058E3-A017-4CF7-89D2-88F0D3A5713B}.Release|Any CPU.Build.0 = Release|Any CPU
	EndGlobalSection
	GlobalSection(SolutionProperties) = preSolution
		HideSolutionNode = FALSE
	EndGlobalSection
	GlobalSection(ExtensibilityGlobals) = postSolution
		SolutionGuid = {6E7944A4-E863-4205-9536-D9EC2A35C046}
	EndGlobalSection
EndGlobal
