
Microsoft Visual Studio Solution File, Format Version 12.00
# Visual Studio Version 16
VisualStudioVersion = 16.0.30907.101
MinimumVisualStudioVersion = 10.0.40219.1
Project("{FAE04EC0-301F-11D3-BF4B-00C04F79EFBC}") = "Evaluacion", "Evaluacion\Evaluacion.csproj", "{6C53DE32-26A5-4F14-93D6-8807D0904A98}"
EndProject
Global
	GlobalSection(SolutionConfigurationPlatforms) = preSolution
		Debug|Any CPU = Debug|Any CPU
		Release|Any CPU = Release|Any CPU
	EndGlobalSection
	GlobalSection(ProjectConfigurationPlatforms) = postSolution
		{6C53DE32-26A5-4F14-93D6-8807D0904A98}.Debug|Any CPU.ActiveCfg = Debug|Any CPU
		{6C53DE32-26A5-4F14-93D6-8807D0904A98}.Debug|Any CPU.Build.0 = Debug|Any CPU
		{6C53DE32-26A5-4F14-93D6-8807D0904A98}.Release|Any CPU.ActiveCfg = Release|Any CPU
		{6C53DE32-26A5-4F14-93D6-8807D0904A98}.Release|Any CPU.Build.0 = Release|Any CPU
	EndGlobalSection
	GlobalSection(SolutionProperties) = preSolution
		HideSolutionNode = FALSE
	EndGlobalSection
	GlobalSection(ExtensibilityGlobals) = postSolution
		SolutionGuid = {ABA42FE6-30F8-41E1-BC43-9B1E0D376EBC}
	EndGlobalSection
EndGlobal
